
Microsoft Visual Studio Solution File, Format Version 12.00
# Visual Studio Version 17
VisualStudioVersion = 17.5.33530.505
MinimumVisualStudioVersion = 10.0.40219.1
Project("{FAE04EC0-301F-11D3-BF4B-00C04F79EFBC}") = "CircodeAPPs", "CircodeAPPs.csproj", "{2E29E8BC-D5A9-4394-8533-C51B9DBAC2B9}"
EndProject
Global
	GlobalSection(SolutionConfigurationPlatforms) = preSolution
		Debug|Any CPU = Debug|Any CPU
		Release|Any CPU = Release|Any CPU
	EndGlobalSection
	GlobalSection(ProjectConfigurationPlatforms) = postSolution
		{2E29E8BC-D5A9-4394-8533-C51B9DBAC2B9}.Debug|Any CPU.ActiveCfg = Debug|Any CPU
		{2E29E8BC-D5A9-4394-8533-C51B9DBAC2B9}.Debug|Any CPU.Build.0 = Debug|Any CPU
		{2E29E8BC-D5A9-4394-8533-C51B9DBAC2B9}.Release|Any CPU.ActiveCfg = Release|Any CPU
		{2E29E8BC-D5A9-4394-8533-C51B9DBAC2B9}.Release|Any CPU.Build.0 = Release|Any CPU
	EndGlobalSection
	GlobalSection(SolutionProperties) = preSolution
		HideSolutionNode = FALSE
	EndGlobalSection
	GlobalSection(ExtensibilityGlobals) = postSolution
		SolutionGuid = {45CD411D-816E-4895-A11D-7BE59E57EF70}
	EndGlobalSection
EndGlobal
